
Microsoft Visual Studio Solution File, Format Version 12.00
# Visual Studio Version 17
VisualStudioVersion = 17.10.35013.160
MinimumVisualStudioVersion = 10.0.40219.1
Project("{FAE04EC0-301F-11D3-BF4B-00C04F79EFBC}") = "PortfolioProject", "PortfolioProject\PortfolioProject.csproj", "{72C3FFC8-DC27-48CC-8ED7-E48E3DD71249}"
EndProject
Global
	GlobalSection(SolutionConfigurationPlatforms) = preSolution
		Debug|Any CPU = Debug|Any CPU
		Release|Any CPU = Release|Any CPU
	EndGlobalSection
	GlobalSection(ProjectConfigurationPlatforms) = postSolution
		{72C3FFC8-DC27-48CC-8ED7-E48E3DD71249}.Debug|Any CPU.ActiveCfg = Debug|Any CPU
		{72C3FFC8-DC27-48CC-8ED7-E48E3DD71249}.Debug|Any CPU.Build.0 = Debug|Any CPU
		{72C3FFC8-DC27-48CC-8ED7-E48E3DD71249}.Release|Any CPU.ActiveCfg = Release|Any CPU
		{72C3FFC8-DC27-48CC-8ED7-E48E3DD71249}.Release|Any CPU.Build.0 = Release|Any CPU
	EndGlobalSection
	GlobalSection(SolutionProperties) = preSolution
		HideSolutionNode = FALSE
	EndGlobalSection
	GlobalSection(ExtensibilityGlobals) = postSolution
		SolutionGuid = {72C9A4CC-8432-4787-999E-674059F277C4}
	EndGlobalSection
EndGlobal
